
Microsoft Visual Studio Solution File, Format Version 12.00
# Visual Studio Version 17
VisualStudioVersion = 17.14.36310.24 d17.14
MinimumVisualStudioVersion = 10.0.40219.1
Project("{FAE04EC0-301F-11D3-BF4B-00C04F79EFBC}") = "test", "test\test.csproj", "{52804768-32DA-4E79-8FA6-582680ABE11F}"
EndProject
Global
	GlobalSection(SolutionConfigurationPlatforms) = preSolution
		Debug|Any CPU = Debug|Any CPU
		Release|Any CPU = Release|Any CPU
	EndGlobalSection
	GlobalSection(ProjectConfigurationPlatforms) = postSolution
		{52804768-32DA-4E79-8FA6-582680ABE11F}.Debug|Any CPU.ActiveCfg = Debug|Any CPU
		{52804768-32DA-4E79-8FA6-582680ABE11F}.Debug|Any CPU.Build.0 = Debug|Any CPU
		{52804768-32DA-4E79-8FA6-582680ABE11F}.Release|Any CPU.ActiveCfg = Release|Any CPU
		{52804768-32DA-4E79-8FA6-582680ABE11F}.Release|Any CPU.Build.0 = Release|Any CPU
	EndGlobalSection
	GlobalSection(SolutionProperties) = preSolution
		HideSolutionNode = FALSE
	EndGlobalSection
	GlobalSection(ExtensibilityGlobals) = postSolution
		SolutionGuid = {D5D4ED93-DB04-40C2-B544-27755DD407C5}
	EndGlobalSection
EndGlobal
